
Microsoft Visual Studio Solution File, Format Version 12.00
# Visual Studio Version 17
VisualStudioVersion = 17.5.002.0
MinimumVisualStudioVersion = 10.0.40219.1
Project("{2150E333-8FDC-42A3-9474-1A3956D46DE8}") = "EmployeeManager", "EmployeeManager", "{96856155-E80F-424F-B7D2-7D9272EC51C9}"
EndProject
Project("{9A19103F-16F7-4668-BE54-9A1E7A4F7556}") = "EmployeeManager.Application", "EmployeeManager\EmployeeManager.Application\EmployeeManager.Application.csproj", "{2E1E8F09-8C0B-44A0-8DE9-76120FEA42DA}"
EndProject
Project("{9A19103F-16F7-4668-BE54-9A1E7A4F7556}") = "EmployeeManager.Webapi", "EmployeeManager\EmployeeManager.Webapi\EmployeeManager.Webapi.csproj", "{081DF3F6-753E-44CB-BF51-344BE035F598}"
EndProject
Global
	GlobalSection(SolutionConfigurationPlatforms) = preSolution
		Debug|Any CPU = Debug|Any CPU
		Release|Any CPU = Release|Any CPU
	EndGlobalSection
	GlobalSection(ProjectConfigurationPlatforms) = postSolution
		{2E1E8F09-8C0B-44A0-8DE9-76120FEA42DA}.Debug|Any CPU.ActiveCfg = Debug|Any CPU
		{2E1E8F09-8C0B-44A0-8DE9-76120FEA42DA}.Debug|Any CPU.Build.0 = Debug|Any CPU
		{2E1E8F09-8C0B-44A0-8DE9-76120FEA42DA}.Release|Any CPU.ActiveCfg = Release|Any CPU
		{2E1E8F09-8C0B-44A0-8DE9-76120FEA42DA}.Release|Any CPU.Build.0 = Release|Any CPU
		{081DF3F6-753E-44CB-BF51-344BE035F598}.Debug|Any CPU.ActiveCfg = Debug|Any CPU
		{081DF3F6-753E-44CB-BF51-344BE035F598}.Debug|Any CPU.Build.0 = Debug|Any CPU
		{081DF3F6-753E-44CB-BF51-344BE035F598}.Release|Any CPU.ActiveCfg = Release|Any CPU
		{081DF3F6-753E-44CB-BF51-344BE035F598}.Release|Any CPU.Build.0 = Release|Any CPU
	EndGlobalSection
	GlobalSection(SolutionProperties) = preSolution
		HideSolutionNode = FALSE
	EndGlobalSection
	GlobalSection(NestedProjects) = preSolution
		{2E1E8F09-8C0B-44A0-8DE9-76120FEA42DA} = {96856155-E80F-424F-B7D2-7D9272EC51C9}
		{081DF3F6-753E-44CB-BF51-344BE035F598} = {96856155-E80F-424F-B7D2-7D9272EC51C9}
	EndGlobalSection
	GlobalSection(ExtensibilityGlobals) = postSolution
		SolutionGuid = {CFC7B807-25AC-4518-A575-2C56AD9C5B9F}
	EndGlobalSection
EndGlobal
