
Microsoft Visual Studio Solution File, Format Version 12.00
# Visual Studio Version 17
VisualStudioVersion = 17.0.31903.59
MinimumVisualStudioVersion = 10.0.40219.1
Project("{9A19103F-16F7-4668-BE54-9A1E7A4F7556}") = "EmployeeManager.Webapi", "EmployeeManager.Webapi\EmployeeManager.Webapi.csproj", "{2B50E1C4-2208-43C7-AEF0-800CA5FC8E68}"
EndProject
Project("{9A19103F-16F7-4668-BE54-9A1E7A4F7556}") = "EmployeeManager.Application", "EmployeeManager.Application\EmployeeManager.Application.csproj", "{1D0224BC-71F8-41F4-8876-C890551A2B60}"
EndProject
Global
	GlobalSection(SolutionConfigurationPlatforms) = preSolution
		Debug|Any CPU = Debug|Any CPU
		Release|Any CPU = Release|Any CPU
	EndGlobalSection
	GlobalSection(ProjectConfigurationPlatforms) = postSolution
		{2B50E1C4-2208-43C7-AEF0-800CA5FC8E68}.Debug|Any CPU.ActiveCfg = Debug|Any CPU
		{2B50E1C4-2208-43C7-AEF0-800CA5FC8E68}.Debug|Any CPU.Build.0 = Debug|Any CPU
		{2B50E1C4-2208-43C7-AEF0-800CA5FC8E68}.Release|Any CPU.ActiveCfg = Release|Any CPU
		{2B50E1C4-2208-43C7-AEF0-800CA5FC8E68}.Release|Any CPU.Build.0 = Release|Any CPU
		{1D0224BC-71F8-41F4-8876-C890551A2B60}.Debug|Any CPU.ActiveCfg = Debug|Any CPU
		{1D0224BC-71F8-41F4-8876-C890551A2B60}.Debug|Any CPU.Build.0 = Debug|Any CPU
		{1D0224BC-71F8-41F4-8876-C890551A2B60}.Release|Any CPU.ActiveCfg = Release|Any CPU
		{1D0224BC-71F8-41F4-8876-C890551A2B60}.Release|Any CPU.Build.0 = Release|Any CPU
	EndGlobalSection
	GlobalSection(SolutionProperties) = preSolution
		HideSolutionNode = FALSE
	EndGlobalSection
	GlobalSection(ExtensibilityGlobals) = postSolution
		SolutionGuid = {0BFC7593-37A3-4D4B-94FD-54B68EFA4404}
	EndGlobalSection
EndGlobal
